
Microsoft Visual Studio Solution File, Format Version 12.00
# Visual Studio Version 17
VisualStudioVersion = 17.8.34309.116
MinimumVisualStudioVersion = 10.0.40219.1
Project("{9A19103F-16F7-4668-BE54-9A1E7A4F7556}") = "CatCryptor.WebApp", "CatCryptor.WebApp\CatCryptor.WebApp.csproj", "{DC5551DC-C193-4B90-9409-451D1A8DBB80}"
EndProject
Project("{FAE04EC0-301F-11D3-BF4B-00C04F79EFBC}") = "CatCryptor.Tests", "CatCryptor.Tests\CatCryptor.Tests.csproj", "{E3761A75-1320-4CF4-BF8A-DC788149DF4F}"
EndProject
Global
	GlobalSection(SolutionConfigurationPlatforms) = preSolution
		Debug|Any CPU = Debug|Any CPU
		Release|Any CPU = Release|Any CPU
	EndGlobalSection
	GlobalSection(ProjectConfigurationPlatforms) = postSolution
		{DC5551DC-C193-4B90-9409-451D1A8DBB80}.Debug|Any CPU.ActiveCfg = Debug|Any CPU
		{DC5551DC-C193-4B90-9409-451D1A8DBB80}.Debug|Any CPU.Build.0 = Debug|Any CPU
		{DC5551DC-C193-4B90-9409-451D1A8DBB80}.Release|Any CPU.ActiveCfg = Release|Any CPU
		{DC5551DC-C193-4B90-9409-451D1A8DBB80}.Release|Any CPU.Build.0 = Release|Any CPU
		{E3761A75-1320-4CF4-BF8A-DC788149DF4F}.Debug|Any CPU.ActiveCfg = Debug|Any CPU
		{E3761A75-1320-4CF4-BF8A-DC788149DF4F}.Debug|Any CPU.Build.0 = Debug|Any CPU
		{E3761A75-1320-4CF4-BF8A-DC788149DF4F}.Release|Any CPU.ActiveCfg = Release|Any CPU
		{E3761A75-1320-4CF4-BF8A-DC788149DF4F}.Release|Any CPU.Build.0 = Release|Any CPU
	EndGlobalSection
	GlobalSection(SolutionProperties) = preSolution
		HideSolutionNode = FALSE
	EndGlobalSection
	GlobalSection(ExtensibilityGlobals) = postSolution
		SolutionGuid = {E598E476-1F9B-45C3-AAEB-3FD9AA6AF15B}
	EndGlobalSection
EndGlobal
